Microsoft Visual Studio Solution File, Format Version 12.00
# Visual Studio Version 17
VisualStudioVersion = 17.5.2.0
MinimumVisualStudioVersion = 10.0.40219.1
Project("{FAE04EC0-301F-11D3-BF4B-00C04F79EFBC}") = "Finals-Exam", "Finals-Exam.csproj", "{BCDF54CF-A543-A104-DA48-C535EBBC75A7}"
EndProject
Global
	GlobalSection(SolutionConfigurationPlatforms) = preSolution
		Debug|Any CPU = Debug|Any CPU
		Release|Any CPU = Release|Any CPU
	EndGlobalSection
	GlobalSection(ProjectConfigurationPlatforms) = postSolution
		{BCDF54CF-A543-A104-DA48-C535EBBC75A7}.Debug|Any CPU.ActiveCfg = Debug|Any CPU
		{BCDF54CF-A543-A104-DA48-C535EBBC75A7}.Debug|Any CPU.Build.0 = Debug|Any CPU
		{BCDF54CF-A543-A104-DA48-C535EBBC75A7}.Release|Any CPU.ActiveCfg = Release|Any CPU
		{BCDF54CF-A543-A104-DA48-C535EBBC75A7}.Release|Any CPU.Build.0 = Release|Any CPU
	EndGlobalSection
	GlobalSection(SolutionProperties) = preSolution
		HideSolutionNode = FALSE
	EndGlobalSection
	GlobalSection(ExtensibilityGlobals) = postSolution
		SolutionGuid = {596B38C1-A000-4E86-BF1F-39BEB97C52A8}
	EndGlobalSection
EndGlobal
